
Microsoft Visual Studio Solution File, Format Version 12.00
# Visual Studio Version 17
VisualStudioVersion = 17.3.32929.385
MinimumVisualStudioVersion = 10.0.40219.1
Project("{FAE04EC0-301F-11D3-BF4B-00C04F79EFBC}") = "AStephens_M05Accessability_11062022", "AStephens_M05Accessability_11062022.csproj", "{B4E8512F-500B-4B92-BA11-EA781440B98D}"
EndProject
Global
	GlobalSection(SolutionConfigurationPlatforms) = preSolution
		Debug|Any CPU = Debug|Any CPU
		Release|Any CPU = Release|Any CPU
	EndGlobalSection
	GlobalSection(ProjectConfigurationPlatforms) = postSolution
		{B4E8512F-500B-4B92-BA11-EA781440B98D}.Debug|Any CPU.ActiveCfg = Debug|Any CPU
		{B4E8512F-500B-4B92-BA11-EA781440B98D}.Debug|Any CPU.Build.0 = Debug|Any CPU
		{B4E8512F-500B-4B92-BA11-EA781440B98D}.Release|Any CPU.ActiveCfg = Release|Any CPU
		{B4E8512F-500B-4B92-BA11-EA781440B98D}.Release|Any CPU.Build.0 = Release|Any CPU
	EndGlobalSection
	GlobalSection(SolutionProperties) = preSolution
		HideSolutionNode = FALSE
	EndGlobalSection
	GlobalSection(ExtensibilityGlobals) = postSolution
		SolutionGuid = {D9C1226E-D499-422A-90D3-9AB069B1E2C8}
	EndGlobalSection
EndGlobal
